{
  "nodes": {
    "home-manager": {
      "inputs": {
        "nixpkgs": [
          "nixpkgs"
        ]
      },
      "locked": {
        "lastModified": 1786031233,
        "narHash": "sha256-TIDlLTLI1/pB7IqgjzcKQjpODQsZE2oII4XGG9B6KjI=",
        "owner": "nix-community",
        "repo": "home-manager",
        "rev": "7834e82588860aaf780cec1366524456a70898d7",
        "type": "github"
      },
      "original": {
        "owner": "nix-community",
        "repo": "home-manager",
        "type": "github"
      }
    },
    "millennium": {
      "inputs": {
        "millennium-src": "millennium-src",
        "nixpkgs": "nixpkgs"
      },
      "locked": {
        "dir": "packages/nix",
        "lastModified": 1785944047,
        "narHash": "sha256-5J7dUkGh2cxuAuwalNnNoX1NvuFGkqiGYDU5gg4tkHE=",
        "owner": "SteamClientHomebrew",
        "repo": "Millennium",
        "rev": "1b61200b88b7479f8f9c1788364092f2cf270b20",
        "type": "github"
      },
      "original": {
        "dir": "packages/nix",
        "owner": "SteamClientHomebrew",
        "repo": "Millennium",
        "type": "github"
      }
    },
    "millennium-src": {
      "flake": false,
      "locked": {
        "lastModified": 1783268941,
        "narHash": "sha256-MJLJ0I48HXgfOpISTAbDMYMUdWj9A6M+jGQz4uAvwyw=",
        "owner": "SteamClientHomebrew",
        "repo": "Millennium",
        "rev": "f37f05bdbd4727d873a1ad83ce72d062ef9a0c48",
        "type": "github"
      },
      "original": {
        "owner": "SteamClientHomebrew",
        "repo": "Millennium",
        "rev": "f37f05bdbd4727d873a1ad83ce72d062ef9a0c48",
        "type": "github"
      }
    },
    "nixpkgs": {
      "locked": {
        "lastModified": 1781577229,
        "narHash": "sha256-lrp67w8AulE9Ks53n27I45ADSzbOCn4H+CNW1Ck8B+8=",
        "owner": "nixos",
        "repo": "nixpkgs",
        "rev": "567a49d1913ce81ac6e9582e3553dd90a955875f",
        "type": "github"
      },
      "original": {
        "owner": "nixos",
        "repo": "nixpkgs",
        "rev": "567a49d1913ce81ac6e9582e3553dd90a955875f",
        "type": "github"
      }
    },
    "nixpkgs_2": {
      "locked": {
        "lastModified": 1785967620,
        "narHash": "sha256-IItrdb7Puk05RqOBWZYFC5X6Wl1sJmCfh5MWVHw5iMM=",
        "owner": "NixOS",
        "repo": "nixpkgs",
        "rev": "b7c2ada94fe99c15b0dbcf4d11fd7850b957a436",
        "type": "github"
      },
      "original": {
        "owner": "NixOS",
        "ref": "nixos-unstable",
        "repo": "nixpkgs",
        "type": "github"
      }
    },
    "nixpkgs_3": {
      "locked": {
        "lastModified": 1785454630,
        "narHash": "sha256-LQy14TZp77TwbQf40gg1V3jo8FwJG0jGDkAH+zRHqg8=",
        "owner": "NixOS",
        "repo": "nixpkgs",
        "rev": "1559d3daa3ecc813a650b79375ea61b6741b8746",
        "type": "github"
      },
      "original": {
        "owner": "NixOS",
        "ref": "nixos-unstable",
        "repo": "nixpkgs",
        "type": "github"
      }
    },
    "nixpkgs_4": {
      "locked": {
        "lastModified": 1785692966,
        "narHash": "sha256-vUfIeBEfpbAfZ5zjgIkYk7eHBeVfCYVjLbWnMkseYnk=",
        "owner": "NixOS",
        "repo": "nixpkgs",
        "rev": "643809054d65fdd466a63e3155b8c498cb483c04",
        "type": "github"
      },
      "original": {
        "owner": "NixOS",
        "ref": "nixos-unstable",
        "repo": "nixpkgs",
        "type": "github"
      }
    },
    "nixpkgs_5": {
      "locked": {
        "lastModified": 1785692966,
        "narHash": "sha256-vUfIeBEfpbAfZ5zjgIkYk7eHBeVfCYVjLbWnMkseYnk=",
        "owner": "NixOS",
        "repo": "nixpkgs",
        "rev": "643809054d65fdd466a63e3155b8c498cb483c04",
        "type": "github"
      },
      "original": {
        "owner": "NixOS",
        "ref": "nixos-unstable",
        "repo": "nixpkgs",
        "type": "github"
      }
    },
    "nls": {
      "inputs": {
        "nixpkgs": "nixpkgs_3"
      },
      "locked": {
        "lastModified": 1785543788,
        "narHash": "sha256-jSlNx0ADW2bExGossDC1CUG48htEoawDapCiXh9aZek=",
        "owner": "nolight132",
        "repo": "nls",
        "rev": "c7cfd4171f297e2f23199d2a91d6e660f20cd40f",
        "type": "github"
      },
      "original": {
        "owner": "nolight132",
        "repo": "nls",
        "type": "github"
      }
    },
    "root": {
      "inputs": {
        "home-manager": "home-manager",
        "millennium": "millennium",
        "nixpkgs": "nixpkgs_2",
        "nls": "nls",
        "sonora": "sonora",
        "wayzoomy": "wayzoomy",
        "zen-browser": "zen-browser"
      }
    },
    "sonora": {
      "inputs": {
        "nixpkgs": "nixpkgs_4"
      },
      "locked": {
        "lastModified": 1786155299,
        "narHash": "sha256-9VxOdyiCSa7NHvXRmw/Yi77MaapInP0pQO28GhMeqNw=",
        "owner": "nolight132",
        "repo": "sonora",
        "rev": "37d22f421d3e9abf554029148605a0e68a577817",
        "type": "github"
      },
      "original": {
        "owner": "nolight132",
        "repo": "sonora",
        "type": "github"
      }
    },
    "wayzoomy": {
      "inputs": {
        "nixpkgs": "nixpkgs_5"
      },
      "locked": {
        "lastModified": 1785759027,
        "narHash": "sha256-4VKiS00Xa4qXQam1UbmGkYlEJg4NHgXJZe6OJLez9Go=",
        "owner": "nolight132",
        "repo": "wayzoomy",
        "rev": "bfa418f07d51e1fe19c6c888b5a38f735c916a68",
        "type": "github"
      },
      "original": {
        "owner": "nolight132",
        "repo": "wayzoomy",
        "type": "github"
      }
    },
    "zen-browser": {
      "inputs": {
        "nixpkgs": [
          "nixpkgs"
        ]
      },
      "locked": {
        "lastModified": 1785480078,
        "narHash": "sha256-wWRW/Teo+58EMeTpVVEAqYid1qLzpB/PViQJCv7Xxvc=",
        "owner": "youwen5",
        "repo": "zen-browser-flake",
        "rev": "b7d4cc2778143a228675cd8bb7efdfa111638ac8",
        "type": "github"
      },
      "original": {
        "owner": "youwen5",
        "repo": "zen-browser-flake",
        "type": "github"
      }
    }
  },
  "root": "root",
  "version": 7
}
